// !$*UTF8*$!
{
	archiveVersion = 1;
	classes = {
	};
	objectVersion = 52;
	objects = {

/* Begin PBXBuildFile section */
		3DA277152FCFB54C00A8B33F /* Pods_plants.framework in Frameworks */ = {isa = PBXBuildFile; fileRef = 6236A59A34BEFF8C14403C2B /* Pods_plants.framework */; };
		683CEB722488A78D00F74F40 /* DateFormatter.swift in Sources */ = {isa = PBXBuildFile; fileRef = 683CEB712488A78D00F74F40 /* DateFormatter.swift */; };
		6864FEDA24736C130070F675 /* AppDelegate.swift in Sources */ = {isa = PBXBuildFile; fileRef = 6864FED924736C130070F675 /* AppDelegate.swift */; };
		6864FEDC24736C130070F675 /* SceneDelegate.swift in Sources */ = {isa = PBXBuildFile; fileRef = 6864FEDB24736C130070F675 /* SceneDelegate.swift */; };
		6864FEDE24736C130070F675 /* ViewController.swift in Sources */ = {isa = PBXBuildFile; fileRef = 6864FEDD24736C130070F675 /* ViewController.swift */; };
		6864FEE124736C130070F675 /* Main.storyboard in Resources */ = {isa = PBXBuildFile; fileRef = 6864FEDF24736C130070F675 /* Main.storyboard */; };
		6864FEE324736C150070F675 /* Assets.xcassets in Resources */ = {isa = PBXBuildFile; fileRef = 6864FEE224736C150070F675 /* Assets.xcassets */; };
		6864FEE624736C150070F675 /* LaunchScreen.storyboard in Resources */ = {isa = PBXBuildFile; fileRef = 6864FEE424736C150070F675 /* LaunchScreen.storyboard */; };
		68A93C15247F09A700270893 /* SwiftUICharts in Frameworks */ = {isa = PBXBuildFile; productRef = 68A93C14247F09A700270893 /* SwiftUICharts */; };
		68B82A9124748420003F1C00 /* Data.swift in Sources */ = {isa = PBXBuildFile; fileRef = 68B82A9024748420003F1C00 /* Data.swift */; };
		68E997A7247390410072F7E4 /* water4.gif in Resources */ = {isa = PBXBuildFile; fileRef = 68E997A6247390410072F7E4 /* water4.gif */; };
		68E997A924739D050072F7E4 /* water.gif in Resources */ = {isa = PBXBuildFile; fileRef = 68E997A824739D050072F7E4 /* water.gif */; };
		68E997AB24739DC70072F7E4 /* water5.gif in Resources */ = {isa = PBXBuildFile; fileRef = 68E997AA24739DC70072F7E4 /* water5.gif */; };
/* End PBXBuildFile section */

/* Begin PBXFileReference section */
		018105C882F97D7FE095B62A /* Pods-plants.debug.xcconfig */ = {isa = PBXFileReference; includeInIndex = 1; lastKnownFileType = text.xcconfig; name = "Pods-plants.debug.xcconfig"; path = "Target Support Files/Pods-plants/Pods-plants.debug.xcconfig"; sourceTree = "<group>"; };
		050B90C43E68EED23C7F973B /* Pods-plants.release.xcconfig */ = {isa = PBXFileReference; includeInIndex = 1; lastKnownFileType = text.xcconfig; name = "Pods-plants.release.xcconfig"; path = "Target Support Files/Pods-plants/Pods-plants.release.xcconfig"; sourceTree = "<group>"; };
		6236A59A34BEFF8C14403C2B /* Pods_plants.framework */ = {isa = PBXFileReference; explicitFileType = wrapper.framework; includeInIndex = 0; path = Pods_plants.framework; sourceTree = BUILT_PRODUCTS_DIR; };
		683CEB712488A78D00F74F40 /* DateFormatter.swift */ = {isa = PBXFileReference; lastKnownFileType = sourcecode.swift; path = DateFormatter.swift; sourceTree = "<group>"; };
		6864FED624736C130070F675 /* plants.app */ = {isa = PBXFileReference; explicitFileType = wrapper.application; includeInIndex = 0; path = plants.app; sourceTree = BUILT_PRODUCTS_DIR; };
		6864FED924736C130070F675 /* AppDelegate.swift */ = {isa = PBXFileReference; lastKnownFileType = sourcecode.swift; path = AppDelegate.swift; sourceTree = "<group>"; };
		6864FEDB24736C130070F675 /* SceneDelegate.swift */ = {isa = PBXFileReference; lastKnownFileType = sourcecode.swift; path = SceneDelegate.swift; sourceTree = "<group>"; };
		6864FEDD24736C130070F675 /* ViewController.swift */ = {isa = PBXFileReference; lastKnownFileType = sourcecode.swift; path = ViewController.swift; sourceTree = "<group>"; };
		6864FEE024736C130070F675 /* Base */ = {isa = PBXFileReference; lastKnownFileType = file.storyboard; name = Base; path = Base.lproj/Main.storyboard; sourceTree = "<group>"; };
		6864FEE224736C150070F675 /* Assets.xcassets */ = {isa = PBXFileReference; lastKnownFileType = folder.assetcatalog; path = Assets.xcassets; sourceTree = "<group>"; };
		6864FEE524736C150070F675 /* Base */ = {isa = PBXFileReference; lastKnownFileType = file.storyboard; name = Base; path = Base.lproj/LaunchScreen.storyboard; sourceTree = "<group>"; };
		6864FEE724736C150070F675 /* Info.plist */ = {isa = PBXFileReference; lastKnownFileType = text.plist.xml; path = Info.plist; sourceTree = "<group>"; };
		68B82A9024748420003F1C00 /* Data.swift */ = {isa = PBXFileReference; lastKnownFileType = sourcecode.swift; path = Data.swift; sourceTree = "<group>"; };
		68E997A6247390410072F7E4 /* water4.gif */ = {isa = PBXFileReference; lastKnownFileType = image.gif; path = water4.gif; sourceTree = "<group>"; };
		68E997A824739D050072F7E4 /* water.gif */ = {isa = PBXFileReference; lastKnownFileType = image.gif; path = water.gif; sourceTree = "<group>"; };
		68E997AA24739DC70072F7E4 /* water5.gif */ = {isa = PBXFileReference; lastKnownFileType = image.gif; path = water5.gif; sourceTree = "<group>"; };
/* End PBXFileReference section */

/* Begin PBXFrameworksBuildPhase section */
		6864FED324736C130070F675 /* Frameworks */ = {
			isa = PBXFrameworksBuildPhase;
			buildActionMask = 2147483647;
			files = (
				3DA277152FCFB54C00A8B33F /* Pods_plants.framework in Frameworks */,
				68A93C15247F09A700270893 /* SwiftUICharts in Frameworks */,
			);
			runOnlyForDeploymentPostprocessing = 0;
		};
/* End PBXFrameworksBuildPhase section */

/* Begin PBXGroup section */
		6864FECD24736C130070F675 = {
			isa = PBXGroup;
			children = (
				6864FED824736C130070F675 /* plants */,
				6864FED724736C130070F675 /* Products */,
				6D34B657E36943F3F0C89B0F /* Pods */,
				8C024774990090841BA2549D /* Frameworks */,
			);
			sourceTree = "<group>";
		};
		6864FED724736C130070F675 /* Products */ = {
			isa = PBXGroup;
			children = (
				6864FED624736C130070F675 /* plants.app */,
			);
			name = Products;
			sourceTree = "<group>";
		};
		6864FED824736C130070F675 /* plants */ = {
			isa = PBXGroup;
			children = (
				6864FED924736C130070F675 /* AppDelegate.swift */,
				6864FEDB24736C130070F675 /* SceneDelegate.swift */,
				6864FEDD24736C130070F675 /* ViewController.swift */,
				68B82A9024748420003F1C00 /* Data.swift */,
				6864FEDF24736C130070F675 /* Main.storyboard */,
				6864FEE224736C150070F675 /* Assets.xcassets */,
				6864FEE424736C150070F675 /* LaunchScreen.storyboard */,
				6864FEE724736C150070F675 /* Info.plist */,
				68E997A6247390410072F7E4 /* water4.gif */,
				68E997A824739D050072F7E4 /* water.gif */,
				68E997AA24739DC70072F7E4 /* water5.gif */,
				683CEB712488A78D00F74F40 /* DateFormatter.swift */,
			);
			path = plants;
			sourceTree = "<group>";
		};
		6D34B657E36943F3F0C89B0F /* Pods */ = {
			isa = PBXGroup;
			children = (
				018105C882F97D7FE095B62A /* Pods-plants.debug.xcconfig */,
				050B90C43E68EED23C7F973B /* Pods-plants.release.xcconfig */,
			);
			path = Pods;
			sourceTree = "<group>";
		};
		8C024774990090841BA2549D /* Frameworks */ = {
			isa = PBXGroup;
			children = (
				6236A59A34BEFF8C14403C2B /* Pods_plants.framework */,
			);
			name = Frameworks;
			sourceTree = "<group>";
		};
/* End PBXGroup section */

/* Begin PBXNativeTarget section */
		6864FED524736C130070F675 /* plants */ = {
			isa = PBXNativeTarget;
			buildConfigurationList = 6864FEEA24736C150070F675 /* Build configuration list for PBXNativeTarget "plants" */;
			buildPhases = (
				CD795206C1A7F3739881B694 /* [CP] Check Pods Manifest.lock */,
				6864FED224736C130070F675 /* Sources */,
				6864FED324736C130070F675 /* Frameworks */,
				6864FED424736C130070F675 /* Resources */,
				86D79762879F8E11057334DA /* [CP] Embed Pods Frameworks */,
			);
			buildRules = (
			);
			dependencies = (
			);
			name = plants;
			packageProductDependencies = (
				68A93C14247F09A700270893 /* SwiftUICharts */,
			);
			productName = plants;
			productReference = 6864FED624736C130070F675 /* plants.app */;
			productType = "com.apple.product-type.application";
		};
/* End PBXNativeTarget section */

/* Begin PBXProject section */
		6864FECE24736C130070F675 /* Project object */ = {
			isa = PBXProject;
			attributes = {
				LastSwiftUpdateCheck = 1140;
				LastUpgradeCheck = 1140;
				ORGANIZATIONNAME = "Ryan Goluch";
				TargetAttributes = {
					6864FED524736C130070F675 = {
						CreatedOnToolsVersion = 11.4.1;
					};
				};
			};
			buildConfigurationList = 6864FED124736C130070F675 /* Build configuration list for PBXProject "plants" */;
			compatibilityVersion = "Xcode 9.3";
			developmentRegion = en;
			hasScannedForEncodings = 0;
			knownRegions = (
				en,
				Base,
			);
			mainGroup = 6864FECD24736C130070F675;
			packageReferences = (
				68A93C13247F09A700270893 /* XCRemoteSwiftPackageReference "ChartView" */,
			);
			productRefGroup = 6864FED724736C130070F675 /* Products */;
			projectDirPath = "";
			projectRoot = "";
			targets = (
				6864FED524736C130070F675 /* plants */,
			);
		};
/* End PBXProject section */

/* Begin PBXResourcesBuildPhase section */
		6864FED424736C130070F675 /* Resources */ = {
			isa = PBXResourcesBuildPhase;
			buildActionMask = 2147483647;
			files = (
				6864FEE624736C150070F675 /* LaunchScreen.storyboard in Resources */,
				68E997A7247390410072F7E4 /* water4.gif in Resources */,
				6864FEE324736C150070F675 /* Assets.xcassets in Resources */,
				68E997A924739D050072F7E4 /* water.gif in Resources */,
				68E997AB24739DC70072F7E4 /* water5.gif in Resources */,
				6864FEE124736C130070F675 /* Main.storyboard in Resources */,
			);
			runOnlyForDeploymentPostprocessing = 0;
		};
/* End PBXResourcesBuildPhase section */

/* Begin PBXShellScriptBuildPhase section */
		86D79762879F8E11057334DA /* [CP] Embed Pods Frameworks */ = {
			isa = PBXShellScriptBuildPhase;
			buildActionMask = 2147483647;
			files = (
			);
			inputFileListPaths = (
				"${PODS_ROOT}/Target Support Files/Pods-plants/Pods-plants-frameworks-${CONFIGURATION}-input-files.xcfilelist",
			);
			name = "[CP] Embed Pods Frameworks";
			outputFileListPaths = (
				"${PODS_ROOT}/Target Support Files/Pods-plants/Pods-plants-frameworks-${CONFIGURATION}-output-files.xcfilelist",
			);
			runOnlyForDeploymentPostprocessing = 0;
			shellPath = /bin/sh;
			shellScript = "\"${PODS_ROOT}/Target Support Files/Pods-plants/Pods-plants-frameworks.sh\"\n";
			showEnvVarsInLog = 0;
		};
		CD795206C1A7F3739881B694 /* [CP] Check Pods Manifest.lock */ = {
			isa = PBXShellScriptBuildPhase;
			buildActionMask = 2147483647;
			files = (
			);
			inputFileListPaths = (
			);
			inputPaths = (
				"${PODS_PODFILE_DIR_PATH}/Podfile.lock",
				"${PODS_ROOT}/Manifest.lock",
			);
			name = "[CP] Check Pods Manifest.lock";
			outputFileListPaths = (
			);
			outputPaths = (
				"$(DERIVED_FILE_DIR)/Pods-plants-checkManifestLockResult.txt",
			);
			runOnlyForDeploymentPostprocessing = 0;
			shellPath = /bin/sh;
			shellScript = "diff \"${PODS_PODFILE_DIR_PATH}/Podfile.lock\" \"${PODS_ROOT}/Manifest.lock\" > /dev/null\nif [ $? != 0 ] ; then\n    # print error to STDERR\n    echo \"error: The sandbox is not in sync with the Podfile.lock. Run 'pod install' or update your CocoaPods installation.\" >&2\n    exit 1\nfi\n# This output is used by Xcode 'outputs' to avoid re-running this script phase.\necho \"SUCCESS\" > \"${SCRIPT_OUTPUT_FILE_0}\"\n";
			showEnvVarsInLog = 0;
		};
/* End PBXShellScriptBuildPhase section */

/* Begin PBXSourcesBuildPhase section */
		6864FED224736C130070F675 /* Sources */ = {
			isa = PBXSourcesBuildPhase;
			buildActionMask = 2147483647;
			files = (
				6864FEDE24736C130070F675 /* ViewController.swift in Sources */,
				6864FEDA24736C130070F675 /* AppDelegate.swift in Sources */,
				6864FEDC24736C130070F675 /* SceneDelegate.swift in Sources */,
				68B82A9124748420003F1C00 /* Data.swift in Sources */,
				683CEB722488A78D00F74F40 /* DateFormatter.swift in Sources */,
			);
			runOnlyForDeploymentPostprocessing = 0;
		};
/* End PBXSourcesBuildPhase section */

/* Begin PBXVariantGroup section */
		6864FEDF24736C130070F675 /* Main.storyboard */ = {
			isa = PBXVariantGroup;
			children = (
				6864FEE024736C130070F675 /* Base */,
			);
			name = Main.storyboard;
			sourceTree = "<group>";
		};
		6864FEE424736C150070F675 /* LaunchScreen.storyboard */ = {
			isa = PBXVariantGroup;
			children = (
				6864FEE524736C150070F675 /* Base */,
			);
			name = LaunchScreen.storyboard;
			sourceTree = "<group>";
		};
/* End PBXVariantGroup section */

/* Begin XCBuildConfiguration section */
		6864FEE824736C150070F675 /* Debug */ = {
			isa = XCBuildConfiguration;
			buildSettings = {
				ALWAYS_SEARCH_USER_PATHS = NO;
				CLANG_ANALYZER_NONNULL = YES;
				CLANG_ANALYZER_NUMBER_OBJECT_CONVERSION = YES_AGGRESSIVE;
				CLANG_CXX_LANGUAGE_STANDARD = "gnu++14";
				CLANG_CXX_LIBRARY = "libc++";
				CLANG_ENABLE_MODULES = YES;
				CLANG_ENABLE_OBJC_ARC = YES;
				CLANG_ENABLE_OBJC_WEAK = YES;
				CLANG_WARN_BLOCK_CAPTURE_AUTORELEASING = YES;
				CLANG_WARN_BOOL_CONVERSION = YES;
				CLANG_WARN_COMMA = YES;
				CLANG_WARN_CONSTANT_CONVERSION = YES;
				CLANG_WARN_DEPRECATED_OBJC_IMPLEMENTATIONS = YES;
				CLANG_WARN_DIRECT_OBJC_ISA_USAGE = YES_ERROR;
				CLANG_WARN_DOCUMENTATION_COMMENTS = YES;
				CLANG_WARN_EMPTY_BODY = YES;
				CLANG_WARN_ENUM_CONVERSION = YES;
				CLANG_WARN_INFINITE_RECURSION = YES;
				CLANG_WARN_INT_CONVERSION = YES;
				CLANG_WARN_NON_LITERAL_NULL_CONVERSION = YES;
				CLANG_WARN_OBJC_IMPLICIT_RETAIN_SELF = YES;
				CLANG_WARN_OBJC_LITERAL_CONVERSION = YES;
				CLANG_WARN_OBJC_ROOT_CLASS = YES_ERROR;
				CLANG_WARN_RANGE_LOOP_ANALYSIS = YES;
				CLANG_WARN_STRICT_PROTOTYPES = YES;
				CLANG_WARN_SUSPICIOUS_MOVE = YES;
				CLANG_WARN_UNGUARDED_AVAILABILITY = YES_AGGRESSIVE;
				CLANG_WARN_UNREACHABLE_CODE = YES;
				CLANG_WARN__DUPLICATE_METHOD_MATCH = YES;
				COPY_PHASE_STRIP = NO;
				DEBUG_INFORMATION_FORMAT = dwarf;
				ENABLE_STRICT_OBJC_MSGSEND = YES;
				ENABLE_TESTABILITY = YES;
				GCC_C_LANGUAGE_STANDARD = gnu11;
				GCC_DYNAMIC_NO_PIC = NO;
				GCC_NO_COMMON_BLOCKS = YES;
				GCC_OPTIMIZATION_LEVEL = 0;
				GCC_PREPROCESSOR_DEFINITIONS = (
					"DEBUG=1",
					"$(inherited)",
				);
				GCC_WARN_64_TO_32_BIT_CONVERSION = YES;
				GCC_WARN_ABOUT_RETURN_TYPE = YES_ERROR;
				GCC_WARN_UNDECLARED_SELECTOR = YES;
				GCC_WARN_UNINITIALIZED_AUTOS = YES_AGGRESSIVE;
				GCC_WARN_UNUSED_FUNCTION = YES;
				GCC_WARN_UNUSED_VARIABLE = YES;
				IPHONEOS_DEPLOYMENT_TARGET = 13.4;
				MTL_ENABLE_DEBUG_INFO = INCLUDE_SOURCE;
				MTL_FAST_MATH = YES;
				ONLY_ACTIVE_ARCH = YES;
				SDKROOT = iphoneos;
				SWIFT_ACTIVE_COMPILATION_CONDITIONS = DEBUG;
				SWIFT_OPTIMIZATION_LEVEL = "-Onone";
			};
			name = Debug;
		};
		6864FEE924736C150070F675 /* Release */ = {
			isa = XCBuildConfiguration;
			buildSettings = {
				ALWAYS_SEARCH_USER_PATHS = NO;
				CLANG_ANALYZER_NONNULL = YES;
				CLANG_ANALYZER_NUMBER_OBJECT_CONVERSION = YES_AGGRESSIVE;
				CLANG_CXX_LANGUAGE_STANDARD = "gnu++14";
				CLANG_CXX_LIBRARY = "libc++";
				CLANG_ENABLE_MODULES = YES;
				CLANG_ENABLE_OBJC_ARC = YES;
				CLANG_ENABLE_OBJC_WEAK = YES;
				CLANG_WARN_BLOCK_CAPTURE_AUTORELEASING = YES;
				CLANG_WARN_BOOL_CONVERSION = YES;
				CLANG_WARN_COMMA = YES;
				CLANG_WARN_CONSTANT_CONVERSION = YES;
				CLANG_WARN_DEPRECATED_OBJC_IMPLEMENTATIONS = YES;
				CLANG_WARN_DIRECT_OBJC_ISA_USAGE = YES_ERROR;
				CLANG_WARN_DOCUMENTATION_COMMENTS = YES;
				CLANG_WARN_EMPTY_BODY = YES;
				CLANG_WARN_ENUM_CONVERSION = YES;
				CLANG_WARN_INFINITE_RECURSION = YES;
				CLANG_WARN_INT_CONVERSION = YES;
				CLANG_WARN_NON_LITERAL_NULL_CONVERSION = YES;
				CLANG_WARN_OBJC_IMPLICIT_RETAIN_SELF = YES;
				CLANG_WARN_OBJC_LITERAL_CONVERSION = YES;
				CLANG_WARN_OBJC_ROOT_CLASS = YES_ERROR;
				CLANG_WARN_RANGE_LOOP_ANALYSIS = YES;
				CLANG_WARN_STRICT_PROTOTYPES = YES;
				CLANG_WARN_SUSPICIOUS_MOVE = YES;
				CLANG_WARN_UNGUARDED_AVAILABILITY = YES_AGGRESSIVE;
				CLANG_WARN_UNREACHABLE_CODE = YES;
				CLANG_WARN__DUPLICATE_METHOD_MATCH = YES;
				COPY_PHASE_STRIP = NO;
				DEBUG_INFORMATION_FORMAT = "dwarf-with-dsym";
				ENABLE_NS_ASSERTIONS = NO;
				ENABLE_STRICT_OBJC_MSGSEND = YES;
				GCC_C_LANGUAGE_STANDARD = gnu11;
				GCC_NO_COMMON_BLOCKS = YES;
				GCC_WARN_64_TO_32_BIT_CONVERSION = YES;
				GCC_WARN_ABOUT_RETURN_TYPE = YES_ERROR;
				GCC_WARN_UNDECLARED_SELECTOR = YES;
				GCC_WARN_UNINITIALIZED_AUTOS = YES_AGGRESSIVE;
				GCC_WARN_UNUSED_FUNCTION = YES;
				GCC_WARN_UNUSED_VARIABLE = YES;
				IPHONEOS_DEPLOYMENT_TARGET = 13.4;
				MTL_ENABLE_DEBUG_INFO = NO;
				MTL_FAST_MATH = YES;
				SDKROOT = iphoneos;
				SWIFT_COMPILATION_MODE = wholemodule;
				SWIFT_OPTIMIZATION_LEVEL = "-O";
				VALIDATE_PRODUCT = YES;
			};
			name = Release;
		};
		6864FEEB24736C150070F675 /* Debug */ = {
			isa = XCBuildConfiguration;
			baseConfigurationReference = 018105C882F97D7FE095B62A /* Pods-plants.debug.xcconfig */;
			buildSettings = {
				ASSETCATALOG_COMPILER_APPICON_NAME = AppIcon;
				CODE_SIGN_STYLE = Automatic;
				DEVELOPMENT_TEAM = TDLM7BDD4U;
				INFOPLIST_FILE = plants/Info.plist;
				LD_RUNPATH_SEARCH_PATHS = (
					"$(inherited)",
					"@executable_path/Frameworks",
				);
				PRODUCT_BUNDLE_IDENTIFIER = co.rgoluch.plants;
				PRODUCT_NAME = "$(TARGET_NAME)";
				SWIFT_VERSION = 5.0;
				TARGETED_DEVICE_FAMILY = "1,2";
			};
			name = Debug;
		};
		6864FEEC24736C150070F675 /* Release */ = {
			isa = XCBuildConfiguration;
			baseConfigurationReference = 050B90C43E68EED23C7F973B /* Pods-plants.release.xcconfig */;
			buildSettings = {
				ASSETCATALOG_COMPILER_APPICON_NAME = AppIcon;
				CODE_SIGN_STYLE = Automatic;
				DEVELOPMENT_TEAM = TDLM7BDD4U;
				INFOPLIST_FILE = plants/Info.plist;
				LD_RUNPATH_SEARCH_PATHS = (
					"$(inherited)",
					"@executable_path/Frameworks",
				);
				PRODUCT_BUNDLE_IDENTIFIER = co.rgoluch.plants;
				PRODUCT_NAME = "$(TARGET_NAME)";
				SWIFT_VERSION = 5.0;
				TARGETED_DEVICE_FAMILY = "1,2";
			};
			name = Release;
		};
/* End XCBuildConfiguration section */

/* Begin XCConfigurationList section */
		6864FED124736C130070F675 /* Build configuration list for PBXProject "plants" */ = {
			isa = XCConfigurationList;
			buildConfigurations = (
				6864FEE824736C150070F675 /* Debug */,
				6864FEE924736C150070F675 /* Release */,
			);
			defaultConfigurationIsVisible = 0;
			defaultConfigurationName = Release;
		};
		6864FEEA24736C150070F675 /* Build configuration list for PBXNativeTarget "plants" */ = {
			isa = XCConfigurationList;
			buildConfigurations = (
				6864FEEB24736C150070F675 /* Debug */,
				6864FEEC24736C150070F675 /* Release */,
			);
			defaultConfigurationIsVisible = 0;
			defaultConfigurationName = Release;
		};
/* End XCConfigurationList section */

/* Begin XCRemoteSwiftPackageReference section */
		68A93C13247F09A700270893 /* XCRemoteSwiftPackageReference "ChartView" */ = {
			isa = XCRemoteSwiftPackageReference;
			repositoryURL = "https://github.com/AppPear/ChartView";
			requirement = {
				kind = upToNextMajorVersion;
				minimumVersion = 1.5.0;
			};
		};
/* End XCRemoteSwiftPackageReference section */

/* Begin XCSwiftPackageProductDependency section */
		68A93C14247F09A700270893 /* SwiftUICharts */ = {
			isa = XCSwiftPackageProductDependency;
			package = 68A93C13247F09A700270893 /* XCRemoteSwiftPackageReference "ChartView" */;
			productName = SwiftUICharts;
		};
/* End XCSwiftPackageProductDependency section */
	};
	rootObject = 6864FECE24736C130070F675 /* Project object */;
}
